<Solution>
  <Folder Name="/Document/">
    <File Path="src/Directory.Build.props" />
    <File Path="src/Directory.Build.targets" />
    <File Path="src/Directory.Packages.props" />
    <File Path="src/Environment.props" />
  </Folder>
  <Folder Name="/platforms/">
    <Project Path="src/platforms/Blazor.Hybrid.GTK/Blazor.Hybrid.GTK.csproj" />
    <Project Path="src/platforms/Blazor.Hybrid.Shared/Blazor.Hybrid.Shared.csproj" />
  </Folder>
  <Project Path="src/Blazor.Component.Shared/Blazor.Component.Shared.csproj" />
</Solution>
