
Microsoft Visual Studio Solution File, Format Version 12.00
# Visual Studio Version 17
VisualStudioVersion = 17.0.31903.59
MinimumVisualStudioVersion = 10.0.40219.1
Project("{9A19103F-16F7-4668-BE54-9A1E7A4F7556}") = "Blazor.Hybrid.Maui", "src\platforms\phone\Blazor.Hybrid.Maui\Blazor.Hybrid.Maui.csproj", "{92191A05-B3D6-4D1D-AD81-47AAFEB1943A}"
EndProject
Project("{9A19103F-16F7-4668-BE54-9A1E7A4F7556}") = "Blazor.Shared.Component", "src\Blazor.Shared.Component\Blazor.Shared.Component.csproj", "{269BFBC7-B153-466A-AB37-9CAC353AAF1A}"
EndProject
Project("{9A19103F-16F7-4668-BE54-9A1E7A4F7556}") = "Blazor.Hybrid.Core", "src\shared\Blazor.Hybrid.Core\Blazor.Hybrid.Core.csproj", "{49AF55DE-C0FE-4B6D-8408-6DF3F99D3556}"
EndProject
Project("{2150E333-8FDC-42A3-9474-1A3956D46DE8}") = "解决方案项", "解决方案项", "{3094DA12-25F9-4F37-AE23-87B37100BE2B}"
	ProjectSection(SolutionItems) = preProject
		Directory.Build.props = Directory.Build.props
		Directory.Build.target = Directory.Build.target
		Directory.Packages.props = Directory.Packages.props
		Environment.props = Environment.props
	EndProjectSection
EndProject
Global
	GlobalSection(SolutionConfigurationPlatforms) = preSolution
		Debug|Any CPU = Debug|Any CPU
		Release|Any CPU = Release|Any CPU
	EndGlobalSection
	GlobalSection(ProjectConfigurationPlatforms) = postSolution
		{92191A05-B3D6-4D1D-AD81-47AAFEB1943A}.Debug|Any CPU.ActiveCfg = Debug|Any CPU
		{92191A05-B3D6-4D1D-AD81-47AAFEB1943A}.Debug|Any CPU.Build.0 = Debug|Any CPU
		{92191A05-B3D6-4D1D-AD81-47AAFEB1943A}.Debug|Any CPU.Deploy.0 = Debug|Any CPU
		{92191A05-B3D6-4D1D-AD81-47AAFEB1943A}.Release|Any CPU.ActiveCfg = Release|Any CPU
		{92191A05-B3D6-4D1D-AD81-47AAFEB1943A}.Release|Any CPU.Build.0 = Release|Any CPU
		{92191A05-B3D6-4D1D-AD81-47AAFEB1943A}.Release|Any CPU.Deploy.0 = Release|Any CPU
		{269BFBC7-B153-466A-AB37-9CAC353AAF1A}.Debug|Any CPU.ActiveCfg = Debug|Any CPU
		{269BFBC7-B153-466A-AB37-9CAC353AAF1A}.Debug|Any CPU.Build.0 = Debug|Any CPU
		{269BFBC7-B153-466A-AB37-9CAC353AAF1A}.Release|Any CPU.ActiveCfg = Release|Any CPU
		{269BFBC7-B153-466A-AB37-9CAC353AAF1A}.Release|Any CPU.Build.0 = Release|Any CPU
		{49AF55DE-C0FE-4B6D-8408-6DF3F99D3556}.Debug|Any CPU.ActiveCfg = Debug|Any CPU
		{49AF55DE-C0FE-4B6D-8408-6DF3F99D3556}.Debug|Any CPU.Build.0 = Debug|Any CPU
		{49AF55DE-C0FE-4B6D-8408-6DF3F99D3556}.Release|Any CPU.ActiveCfg = Release|Any CPU
		{49AF55DE-C0FE-4B6D-8408-6DF3F99D3556}.Release|Any CPU.Build.0 = Release|Any CPU
	EndGlobalSection
	GlobalSection(SolutionProperties) = preSolution
		HideSolutionNode = FALSE
	EndGlobalSection
	GlobalSection(ExtensibilityGlobals) = postSolution
		SolutionGuid = {470C172E-9372-46E9-B004-00957BB0912B}
	EndGlobalSection
EndGlobal
