
Microsoft Visual Studio Solution File, Format Version 12.00
# Visual Studio Version 17
VisualStudioVersion = 17.11.35312.102
MinimumVisualStudioVersion = 10.0.40219.1
Project("{9A19103F-16F7-4668-BE54-9A1E7A4F7556}") = "Blazor.Hybrid.Avalonia", "src\platforms\avalonia\Blazor.Hybrid.Avalonia\Blazor.Hybrid.Avalonia\Blazor.Hybrid.Avalonia.csproj", "{ACAE8314-86D6-4D1F-A60D-045881F660F4}"
EndProject
Project("{9A19103F-16F7-4668-BE54-9A1E7A4F7556}") = "Blazor.Hybrid.Avalonia.Android", "src\platforms\avalonia\Blazor.Hybrid.Avalonia\Blazor.Hybrid.Avalonia.Android\Blazor.Hybrid.Avalonia.Android.csproj", "{9A24A734-AF25-4697-B0EA-DACDA7805D04}"
EndProject
Project("{9A19103F-16F7-4668-BE54-9A1E7A4F7556}") = "Blazor.Hybrid.Avalonia.Desktop", "src\platforms\avalonia\Blazor.Hybrid.Avalonia\Blazor.Hybrid.Avalonia.Desktop\Blazor.Hybrid.Avalonia.Desktop.csproj", "{8CF55ACA-1563-4A9D-86E4-11220C4C293A}"
EndProject
Project("{9A19103F-16F7-4668-BE54-9A1E7A4F7556}") = "Blazor.Hybrid.Avalonia.iOS", "src\platforms\avalonia\Blazor.Hybrid.Avalonia\Blazor.Hybrid.Avalonia.iOS\Blazor.Hybrid.Avalonia.iOS.csproj", "{65C5ED7B-7677-4CF4-969C-2D40628AA34B}"
EndProject
Global
	GlobalSection(SolutionConfigurationPlatforms) = preSolution
		Debug|Any CPU = Debug|Any CPU
		Release|Any CPU = Release|Any CPU
	EndGlobalSection
	GlobalSection(ProjectConfigurationPlatforms) = postSolution
		{ACAE8314-86D6-4D1F-A60D-045881F660F4}.Debug|Any CPU.ActiveCfg = Debug|Any CPU
		{ACAE8314-86D6-4D1F-A60D-045881F660F4}.Debug|Any CPU.Build.0 = Debug|Any CPU
		{ACAE8314-86D6-4D1F-A60D-045881F660F4}.Release|Any CPU.ActiveCfg = Release|Any CPU
		{ACAE8314-86D6-4D1F-A60D-045881F660F4}.Release|Any CPU.Build.0 = Release|Any CPU
		{9A24A734-AF25-4697-B0EA-DACDA7805D04}.Debug|Any CPU.ActiveCfg = Debug|Any CPU
		{9A24A734-AF25-4697-B0EA-DACDA7805D04}.Debug|Any CPU.Build.0 = Debug|Any CPU
		{9A24A734-AF25-4697-B0EA-DACDA7805D04}.Debug|Any CPU.Deploy.0 = Debug|Any CPU
		{9A24A734-AF25-4697-B0EA-DACDA7805D04}.Release|Any CPU.ActiveCfg = Release|Any CPU
		{9A24A734-AF25-4697-B0EA-DACDA7805D04}.Release|Any CPU.Build.0 = Release|Any CPU
		{9A24A734-AF25-4697-B0EA-DACDA7805D04}.Release|Any CPU.Deploy.0 = Release|Any CPU
		{8CF55ACA-1563-4A9D-86E4-11220C4C293A}.Debug|Any CPU.ActiveCfg = Debug|Any CPU
		{8CF55ACA-1563-4A9D-86E4-11220C4C293A}.Debug|Any CPU.Build.0 = Debug|Any CPU
		{8CF55ACA-1563-4A9D-86E4-11220C4C293A}.Release|Any CPU.ActiveCfg = Release|Any CPU
		{8CF55ACA-1563-4A9D-86E4-11220C4C293A}.Release|Any CPU.Build.0 = Release|Any CPU
		{65C5ED7B-7677-4CF4-969C-2D40628AA34B}.Debug|Any CPU.ActiveCfg = Debug|Any CPU
		{65C5ED7B-7677-4CF4-969C-2D40628AA34B}.Debug|Any CPU.Build.0 = Debug|Any CPU
		{65C5ED7B-7677-4CF4-969C-2D40628AA34B}.Debug|Any CPU.Deploy.0 = Debug|Any CPU
		{65C5ED7B-7677-4CF4-969C-2D40628AA34B}.Release|Any CPU.ActiveCfg = Release|Any CPU
		{65C5ED7B-7677-4CF4-969C-2D40628AA34B}.Release|Any CPU.Build.0 = Release|Any CPU
		{65C5ED7B-7677-4CF4-969C-2D40628AA34B}.Release|Any CPU.Deploy.0 = Release|Any CPU
	EndGlobalSection
	GlobalSection(SolutionProperties) = preSolution
		HideSolutionNode = FALSE
	EndGlobalSection
	GlobalSection(ExtensibilityGlobals) = postSolution
		SolutionGuid = {F70449EE-2830-41FA-9954-D753CEF1A737}
	EndGlobalSection
EndGlobal
